// !$*UTF8*$!
{
	archiveVersion = 1;
	classes = {
	};
	objectVersion = 50;
	objects = {

/* Begin PBXBuildFile section */
		73045C31C2AC8441AA21AF23 /* Pods_ProjectCategorie.framework in Frameworks */ = {isa = PBXBuildFile; fileRef = 000A8D701176FF965D357EBB /* Pods_ProjectCategorie.framework */; };
		FA0081BE226C5FB400478532 /* Media.swift in Sources */ = {isa = PBXBuildFile; fileRef = FA0081BD226C5FB400478532 /* Media.swift */; };
		FA00BB4F22579A3E0090622F /* Main.storyboard in Resources */ = {isa = PBXBuildFile; fileRef = FA00BB4D22579A3D0090622F /* Main.storyboard */; };
		FA00BB5122579A830090622F /* ProfileViewController.swift in Sources */ = {isa = PBXBuildFile; fileRef = FA00BB5022579A830090622F /* ProfileViewController.swift */; };
		FA00BB532257A3DC0090622F /* Unite.swift in Sources */ = {isa = PBXBuildFile; fileRef = FA00BB522257A3DC0090622F /* Unite.swift */; };
		FA018FAA227C7D8900A13A05 /* sliderCommentCollectionViewCell.swift in Sources */ = {isa = PBXBuildFile; fileRef = FA018FA9227C7D8900A13A05 /* sliderCommentCollectionViewCell.swift */; };
		FA01A3292268859C00CD431A /* HomeViewController.swift in Sources */ = {isa = PBXBuildFile; fileRef = FA01A3282268859C00CD431A /* HomeViewController.swift */; };
		FA01A32B2268BA2D00CD431A /* RecentSearchCell.swift in Sources */ = {isa = PBXBuildFile; fileRef = FA01A32A2268BA2D00CD431A /* RecentSearchCell.swift */; };
		FA01A32D2268FBBF00CD431A /* TutorielViewController.swift in Sources */ = {isa = PBXBuildFile; fileRef = FA01A32C2268FBBF00CD431A /* TutorielViewController.swift */; };
		FA03159E226B84BF0032673B /* ColumnTableViewCell.swift in Sources */ = {isa = PBXBuildFile; fileRef = FA03159D226B84BF0032673B /* ColumnTableViewCell.swift */; };
		FA0315A0226B907B0032673B /* Column.swift in Sources */ = {isa = PBXBuildFile; fileRef = FA03159F226B907B0032673B /* Column.swift */; };
		FA046C442281E31A0096456A /* ProfilTabBarController.swift in Sources */ = {isa = PBXBuildFile; fileRef = FA046C432281E31A0096456A /* ProfilTabBarController.swift */; };
		FA0481A82261E47C007641CD /* PopUpAddresseViewController.swift in Sources */ = {isa = PBXBuildFile; fileRef = FA0481A72261E47C007641CD /* PopUpAddresseViewController.swift */; };
		FA0481AA2261EA94007641CD /* SearchResultsController.swift in Sources */ = {isa = PBXBuildFile; fileRef = FA0481A92261EA94007641CD /* SearchResultsController.swift */; };
		FA05B1082269CA9F000196DD /* z.xib in Resources */ = {isa = PBXBuildFile; fileRef = FA05B1072269CA9F000196DD /* z.xib */; };
		FA05B10A2269CE1D000196DD /* ExamCell.xib in Resources */ = {isa = PBXBuildFile; fileRef = FA05B1092269CE1D000196DD /* ExamCell.xib */; };
		FA05C8AC2269E559005F217D /* tuto.swift in Sources */ = {isa = PBXBuildFile; fileRef = FA05C8AB2269E559005F217D /* tuto.swift */; };
		FA05C8AE226A129C005F217D /* photo.swift in Sources */ = {isa = PBXBuildFile; fileRef = FA05C8AD226A129C005F217D /* photo.swift */; };
		FA0621812278861D0031AA69 /* sliderCell.swift in Sources */ = {isa = PBXBuildFile; fileRef = FA0621802278861D0031AA69 /* sliderCell.swift */; };
		FA074607225CF3A7008A744C /* SwippingController.swift in Sources */ = {isa = PBXBuildFile; fileRef = FA074606225CF3A7008A744C /* SwippingController.swift */; };
		FA0823EF2269C19D006AB45C /* ExampleCardCell.swift in Sources */ = {isa = PBXBuildFile; fileRef = FA0823EE2269C19D006AB45C /* ExampleCardCell.swift */; };
		FA08D1CD225BA9490089EB8E /* User.swift in Sources */ = {isa = PBXBuildFile; fileRef = FA08D1CC225BA9490089EB8E /* User.swift */; };
		FA08D1CF225BBDB30089EB8E /* Rating.swift in Sources */ = {isa = PBXBuildFile; fileRef = FA08D1CE225BBDB30089EB8E /* Rating.swift */; };
		FA0BFA8A227731F500BCA6F4 /* produitParSubCatViewController.swift in Sources */ = {isa = PBXBuildFile; fileRef = FA0BFA89227731F500BCA6F4 /* produitParSubCatViewController.swift */; };
		FA0BFA8C2277322800BCA6F4 /* produitParSubViewCell.swift in Sources */ = {isa = PBXBuildFile; fileRef = FA0BFA8B2277322800BCA6F4 /* produitParSubViewCell.swift */; };
		FA0C0C5B2263480700C7E30E /* PictureCollectionViewCell.swift in Sources */ = {isa = PBXBuildFile; fileRef = FA0C0C5A2263480700C7E30E /* PictureCollectionViewCell.swift */; };
		FA0EB81C22608B3A00461BBF /* PoPupCategorieViewController.swift in Sources */ = {isa = PBXBuildFile; fileRef = FA0EB81B22608B3A00461BBF /* PoPupCategorieViewController.swift */; };
		FA0EB8202260948900461BBF /* Share.swift in Sources */ = {isa = PBXBuildFile; fileRef = FA0EB81F2260948900461BBF /* Share.swift */; };
		FA0EB824226099AA00461BBF /* PoPupSubCategorieViewController.swift in Sources */ = {isa = PBXBuildFile; fileRef = FA0EB823226099AA00461BBF /* PoPupSubCategorieViewController.swift */; };
		FA0EB8262260D8CF00461BBF /* PopupRegionViewController.swift in Sources */ = {isa = PBXBuildFile; fileRef = FA0EB8252260D8CF00461BBF /* PopupRegionViewController.swift */; };
		FA0EB8282260D8DE00461BBF /* PopupCityViewController.swift in Sources */ = {isa = PBXBuildFile; fileRef = FA0EB8272260D8DE00461BBF /* PopupCityViewController.swift */; };
		FA0EB82A2260DADD00461BBF /* RegionClass.swift in Sources */ = {isa = PBXBuildFile; fileRef = FA0EB8292260DADD00461BBF /* RegionClass.swift */; };
		FA0EB82C2260DAEA00461BBF /* CityClass.swift in Sources */ = {isa = PBXBuildFile; fileRef = FA0EB82B2260DAEA00461BBF /* CityClass.swift */; };
		FA2094B4225660E3009BB679 /* TestViewController.swift in Sources */ = {isa = PBXBuildFile; fileRef = FA2094B3225660E3009BB679 /* TestViewController.swift */; };
		FA28500722563FBC00760166 /* BaseService.swift in Sources */ = {isa = PBXBuildFile; fileRef = FA28500622563FBC00760166 /* BaseService.swift */; };
		FA285009225640D800760166 /* AppManager.swift in Sources */ = {isa = PBXBuildFile; fileRef = FA285008225640D800760166 /* AppManager.swift */; };
		FA28500B225640FD00760166 /* UserDefaults.swift in Sources */ = {isa = PBXBuildFile; fileRef = FA28500A225640FD00760166 /* UserDefaults.swift */; };
		FA28500D2256412500760166 /* LoginViewController.swift in Sources */ = {isa = PBXBuildFile; fileRef = FA28500C2256412500760166 /* LoginViewController.swift */; };
		FA28500F2256415600760166 /* RegisterViewController.swift in Sources */ = {isa = PBXBuildFile; fileRef = FA28500E2256415600760166 /* RegisterViewController.swift */; };
		FA2CEA6022806C9D00CE8F5F /* MesAnnoncesViewController.swift in Sources */ = {isa = PBXBuildFile; fileRef = FA2CEA5F22806C9D00CE8F5F /* MesAnnoncesViewController.swift */; };
		FA2CEA6222806D3800CE8F5F /* ProduitDetailsListCell.swift in Sources */ = {isa = PBXBuildFile; fileRef = FA2CEA6122806D3800CE8F5F /* ProduitDetailsListCell.swift */; };
		FA2CEA6422806D5E00CE8F5F /* ProfileImageCell.swift in Sources */ = {isa = PBXBuildFile; fileRef = FA2CEA6322806D5E00CE8F5F /* ProfileImageCell.swift */; };
		FA2D69D822560FD900EF38B6 /* SWRevealViewController.m in Sources */ = {isa = PBXBuildFile; fileRef = FA2D69D722560FD900EF38B6 /* SWRevealViewController.m */; };
		FA2D69E02256259200EF38B6 /* BarTableViewCell.swift in Sources */ = {isa = PBXBuildFile; fileRef = FA2D69DF2256259200EF38B6 /* BarTableViewCell.swift */; };
		FA2D69E2225625A800EF38B6 /* BarMenuViewController.swift in Sources */ = {isa = PBXBuildFile; fileRef = FA2D69E1225625A800EF38B6 /* BarMenuViewController.swift */; };
		FA42495B2259FE84001D5873 /* WelcomeViewController.swift in Sources */ = {isa = PBXBuildFile; fileRef = FA42495A2259FE84001D5873 /* WelcomeViewController.swift */; };
		FA42495D225A0F77001D5873 /* Extention.swift in Sources */ = {isa = PBXBuildFile; fileRef = FA42495C225A0F77001D5873 /* Extention.swift */; };
		FA43BFEA2271D57100EA276C /* ListProductViewController.swift in Sources */ = {isa = PBXBuildFile; fileRef = FA43BFE92271D57100EA276C /* ListProductViewController.swift */; };
		FA43BFEC2271D8B000EA276C /* Header.xib in Resources */ = {isa = PBXBuildFile; fileRef = FA43BFEB2271D8B000EA276C /* Header.xib */; };
		FA43BFF22271DC8D00EA276C /* GridCell.swift in Sources */ = {isa = PBXBuildFile; fileRef = FA43BFF12271DC8D00EA276C /* GridCell.swift */; };
		FA43BFF62271E34B00EA276C /* Attachement.swift in Sources */ = {isa = PBXBuildFile; fileRef = FA43BFF52271E34B00EA276C /* Attachement.swift */; };
		FA472888227309AD006369CF /* CommentaireViewController.swift in Sources */ = {isa = PBXBuildFile; fileRef = FA472887227309AD006369CF /* CommentaireViewController.swift */; };
		FA47288A22730A6F006369CF /* Comment.swift in Sources */ = {isa = PBXBuildFile; fileRef = FA47288922730A6F006369CF /* Comment.swift */; };
		FA47288C227313EE006369CF /* CommentaireViewCell.swift in Sources */ = {isa = PBXBuildFile; fileRef = FA47288B227313EE006369CF /* CommentaireViewCell.swift */; };
		FA479D952252202A00573235 /* ProductClass.swift in Sources */ = {isa = PBXBuildFile; fileRef = FA479D942252202A00573235 /* ProductClass.swift */; };
		FA479D9C2252221A00573235 /* SousCategClass.swift in Sources */ = {isa = PBXBuildFile; fileRef = FA479D992252206F00573235 /* SousCategClass.swift */; };
		FA479D9D2252221C00573235 /* CategorieClass.swift in Sources */ = {isa = PBXBuildFile; fileRef = FA479D9A2252207C00573235 /* CategorieClass.swift */; };
		FA54B387224E597F0034EBB0 /* CosmosDefaultSettings.swift in Sources */ = {isa = PBXBuildFile; fileRef = FA54B377224E597E0034EBB0 /* CosmosDefaultSettings.swift */; };
		FA54B388224E597F0034EBB0 /* CosmosSize.swift in Sources */ = {isa = PBXBuildFile; fileRef = FA54B378224E597E0034EBB0 /* CosmosSize.swift */; };
		FA54B389224E597F0034EBB0 /* CosmosTouchTarget.swift in Sources */ = {isa = PBXBuildFile; fileRef = FA54B379224E597E0034EBB0 /* CosmosTouchTarget.swift */; };
		FA54B38A224E597F0034EBB0 /* CosmosAccessibility.swift in Sources */ = {isa = PBXBuildFile; fileRef = FA54B37A224E597E0034EBB0 /* CosmosAccessibility.swift */; };
		FA54B38B224E597F0034EBB0 /* CosmosSettings.swift in Sources */ = {isa = PBXBuildFile; fileRef = FA54B37B224E597E0034EBB0 /* CosmosSettings.swift */; };
		FA54B38C224E597F0034EBB0 /* CosmosLayers.swift in Sources */ = {isa = PBXBuildFile; fileRef = FA54B37C224E597E0034EBB0 /* CosmosLayers.swift */; };
		FA54B38D224E597F0034EBB0 /* CosmosTouch.swift in Sources */ = {isa = PBXBuildFile; fileRef = FA54B37D224E597E0034EBB0 /* CosmosTouch.swift */; };
		FA54B38E224E597F0034EBB0 /* CosmosLocalizedRating.swift in Sources */ = {isa = PBXBuildFile; fileRef = FA54B37F224E597E0034EBB0 /* CosmosLocalizedRating.swift */; };
		FA54B38F224E597F0034EBB0 /* StarFillMode.swift in Sources */ = {isa = PBXBuildFile; fileRef = FA54B380224E597E0034EBB0 /* StarFillMode.swift */; };
		FA54B390224E597F0034EBB0 /* CosmosView.swift in Sources */ = {isa = PBXBuildFile; fileRef = FA54B381224E597E0034EBB0 /* CosmosView.swift */; };
		FA54B391224E597F0034EBB0 /* CosmosLayerHelper.swift in Sources */ = {isa = PBXBuildFile; fileRef = FA54B382224E597E0034EBB0 /* CosmosLayerHelper.swift */; };
		FA54B392224E597F0034EBB0 /* RightToLeft.swift in Sources */ = {isa = PBXBuildFile; fileRef = FA54B383224E597F0034EBB0 /* RightToLeft.swift */; };
		FA54B393224E597F0034EBB0 /* StarLayer.swift in Sources */ = {isa = PBXBuildFile; fileRef = FA54B384224E597F0034EBB0 /* StarLayer.swift */; };
		FA54B394224E597F0034EBB0 /* CosmosText.swift in Sources */ = {isa = PBXBuildFile; fileRef = FA54B385224E597F0034EBB0 /* CosmosText.swift */; };
		FA54B395224E597F0034EBB0 /* CosmosRating.swift in Sources */ = {isa = PBXBuildFile; fileRef = FA54B386224E597F0034EBB0 /* CosmosRating.swift */; };
		FA54B399224E60010034EBB0 /* productTableViewCell.swift in Sources */ = {isa = PBXBuildFile; fileRef = FA54B398224E60010034EBB0 /* productTableViewCell.swift */; };
		FA54B39B224E60230034EBB0 /* ProductViewController.swift in Sources */ = {isa = PBXBuildFile; fileRef = FA54B39A224E60230034EBB0 /* ProductViewController.swift */; };
		FA54B39D224E60620034EBB0 /* louerViewController.swift in Sources */ = {isa = PBXBuildFile; fileRef = FA54B39C224E60620034EBB0 /* louerViewController.swift */; };
		FA54B39F224E83F80034EBB0 /* AjouterProduitViewController.swift in Sources */ = {isa = PBXBuildFile; fileRef = FA54B39E224E83F80034EBB0 /* AjouterProduitViewController.swift */; };
		FA5C766B225E2CD6009EC69E /* PageCell.swift in Sources */ = {isa = PBXBuildFile; fileRef = FA5C766A225E2CD6009EC69E /* PageCell.swift */; };
		FA5C766D225E3D8D009EC69E /* Page2Cell.swift in Sources */ = {isa = PBXBuildFile; fileRef = FA5C766C225E3D8D009EC69E /* Page2Cell.swift */; };
		FA5C766F225E48F8009EC69E /* Page.swift in Sources */ = {isa = PBXBuildFile; fileRef = FA5C766E225E48F8009EC69E /* Page.swift */; };
		FA65D9B422326BB70058ADFA /* AppDelegate.swift in Sources */ = {isa = PBXBuildFile; fileRef = FA65D9B322326BB70058ADFA /* AppDelegate.swift */; };
		FA65D9B622326BB70058ADFA /* RechercheViewController.swift in Sources */ = {isa = PBXBuildFile; fileRef = FA65D9B522326BB70058ADFA /* RechercheViewController.swift */; };
		FA65D9BB22326BB80058ADFA /* Assets.xcassets in Resources */ = {isa = PBXBuildFile; fileRef = FA65D9BA22326BB80058ADFA /* Assets.xcassets */; };
		FA65D9BE22326BB80058ADFA /* LaunchScreen.storyboard in Resources */ = {isa = PBXBuildFile; fileRef = FA65D9BC22326BB80058ADFA /* LaunchScreen.storyboard */; };
		FA65D9CA22326CFA0058ADFA /* SearchViewCell.swift in Sources */ = {isa = PBXBuildFile; fileRef = FA65D9C922326CFA0058ADFA /* SearchViewCell.swift */; };
		FA8E2554227489CB0038DE98 /* FavoritesViewController.swift in Sources */ = {isa = PBXBuildFile; fileRef = FA8E2553227489CB0038DE98 /* FavoritesViewController.swift */; };
		FA8E25572274E45E0038DE98 /* ChildSearchTableViewCell.swift in Sources */ = {isa = PBXBuildFile; fileRef = FA8E25552274E45E0038DE98 /* ChildSearchTableViewCell.swift */; };
		FA8E25582274E45E0038DE98 /* ChildSearchTableViewCell.xib in Resources */ = {isa = PBXBuildFile; fileRef = FA8E25562274E45E0038DE98 /* ChildSearchTableViewCell.xib */; };
		FAE4D9D522624F4E0070EFDA /* LocationSearchTable.swift in Sources */ = {isa = PBXBuildFile; fileRef = FAE4D9D422624F4E0070EFDA /* LocationSearchTable.swift */; };
		FAF956742270BE8E00191F74 /* PoPupUniteViewController.swift in Sources */ = {isa = PBXBuildFile; fileRef = FAF956732270BE8E00191F74 /* PoPupUniteViewController.swift */; };
		FAF956762270BEA300191F74 /* PopUpEtatViewController.swift in Sources */ = {isa = PBXBuildFile; fileRef = FAF956752270BEA300191F74 /* PopUpEtatViewController.swift */; };
		FAF956782270C34E00191F74 /* Etat.swift in Sources */ = {isa = PBXBuildFile; fileRef = FAF956772270C34E00191F74 /* Etat.swift */; };
		FAFEF20B227AFA0B00B98A42 /* Favorite.swift in Sources */ = {isa = PBXBuildFile; fileRef = FAFEF20A227AFA0B00B98A42 /* Favorite.swift */; };
		FAFEF20D227B000000B98A42 /* FavoriteCell.swift in Sources */ = {isa = PBXBuildFile; fileRef = FAFEF20C227B000000B98A42 /* FavoriteCell.swift */; };
/* End PBXBuildFile section */

/* Begin PBXFileReference section */
		000A8D701176FF965D357EBB /* Pods_ProjectCategorie.framework */ = {isa = PBXFileReference; explicitFileType = wrapper.framework; includeInIndex = 0; path = Pods_ProjectCategorie.framework; sourceTree = BUILT_PRODUCTS_DIR; };
		2B740453A11F011E83D9E219 /* Pods-ProjectCategorie.debug.xcconfig */ = {isa = PBXFileReference; includeInIndex = 1; lastKnownFileType = text.xcconfig; name = "Pods-ProjectCategorie.debug.xcconfig"; path = "Target Support Files/Pods-ProjectCategorie/Pods-ProjectCategorie.debug.xcconfig"; sourceTree = "<group>"; };
		B845D43C58DF819262B63DA3 /* Pods-ProjectCategorie.release.xcconfig */ = {isa = PBXFileReference; includeInIndex = 1; lastKnownFileType = text.xcconfig; name = "Pods-ProjectCategorie.release.xcconfig"; path = "Target Support Files/Pods-ProjectCategorie/Pods-ProjectCategorie.release.xcconfig"; sourceTree = "<group>"; };
		FA0081BD226C5FB400478532 /* Media.swift */ = {isa = PBXFileReference; lastKnownFileType = sourcecode.swift; path = Media.swift; sourceTree = "<group>"; };
		FA00BB4C225797B50090622F /* icn-dropdown.pdf */ = {isa = PBXFileReference; lastKnownFileType = image.pdf; path = "icn-dropdown.pdf"; sourceTree = "<group>"; };
		FA00BB4E22579A3D0090622F /* Base */ = {isa = PBXFileReference; lastKnownFileType = file.storyboard; name = Base; path = "../../../../Downloads/ProjectCategorie 3 2 2/ProjectCategorie/View/Base.lproj/Main.storyboard"; sourceTree = "<group>"; };
		FA00BB5022579A830090622F /* ProfileViewController.swift */ = {isa = PBXFileReference; lastKnownFileType = sourcecode.swift; path = ProfileViewController.swift; sourceTree = "<group>"; };
		FA00BB522257A3DC0090622F /* Unite.swift */ = {isa = PBXFileReference; lastKnownFileType = sourcecode.swift; path = Unite.swift; sourceTree = "<group>"; };
		FA018FA9227C7D8900A13A05 /* sliderCommentCollectionViewCell.swift */ = {isa = PBXFileReference; lastKnownFileType = sourcecode.swift; path = sliderCommentCollectionViewCell.swift; sourceTree = "<group>"; };
		FA01A3282268859C00CD431A /* HomeViewController.swift */ = {isa = PBXFileReference; lastKnownFileType = sourcecode.swift; path = HomeViewController.swift; sourceTree = "<group>"; };
		FA01A32A2268BA2D00CD431A /* RecentSearchCell.swift */ = {isa = PBXFileReference; lastKnownFileType = sourcecode.swift; path = RecentSearchCell.swift; sourceTree = "<group>"; };
		FA01A32C2268FBBF00CD431A /* TutorielViewController.swift */ = {isa = PBXFileReference; lastKnownFileType = sourcecode.swift; path = TutorielViewController.swift; sourceTree = "<group>"; };
		FA03159D226B84BF0032673B /* ColumnTableViewCell.swift */ = {isa = PBXFileReference; lastKnownFileType = sourcecode.swift; path = ColumnTableViewCell.swift; sourceTree = "<group>"; };
		FA03159F226B907B0032673B /* Column.swift */ = {isa = PBXFileReference; lastKnownFileType = sourcecode.swift; path = Column.swift; sourceTree = "<group>"; };
		FA046C432281E31A0096456A /* ProfilTabBarController.swift */ = {isa = PBXFileReference; lastKnownFileType = sourcecode.swift; path = ProfilTabBarController.swift; sourceTree = "<group>"; };
		FA0481A72261E47C007641CD /* PopUpAddresseViewController.swift */ = {isa = PBXFileReference; lastKnownFileType = sourcecode.swift; path = PopUpAddresseViewController.swift; sourceTree = "<group>"; };
		FA0481A92261EA94007641CD /* SearchResultsController.swift */ = {isa = PBXFileReference; lastKnownFileType = sourcecode.swift; path = SearchResultsController.swift; sourceTree = "<group>"; };
		FA05B1072269CA9F000196DD /* z.xib */ = {isa = PBXFileReference; lastKnownFileType = file.xib; path = z.xib; sourceTree = "<group>"; };
		FA05B1092269CE1D000196DD /* ExamCell.xib */ = {isa = PBXFileReference; lastKnownFileType = file.xib; path = ExamCell.xib; sourceTree = "<group>"; };
		FA05C8AB2269E559005F217D /* tuto.swift */ = {isa = PBXFileReference; lastKnownFileType = sourcecode.swift; path = tuto.swift; sourceTree = "<group>"; };
		FA05C8AD226A129C005F217D /* photo.swift */ = {isa = PBXFileReference; lastKnownFileType = sourcecode.swift; path = photo.swift; sourceTree = "<group>"; };
		FA0621802278861D0031AA69 /* sliderCell.swift */ = {isa = PBXFileReference; lastKnownFileType = sourcecode.swift; path = sliderCell.swift; sourceTree = "<group>"; };
		FA074606225CF3A7008A744C /* SwippingController.swift */ = {isa = PBXFileReference; lastKnownFileType = sourcecode.swift; path = SwippingController.swift; sourceTree = "<group>"; };
		FA0823EE2269C19D006AB45C /* ExampleCardCell.swift */ = {isa = PBXFileReference; lastKnownFileType = sourcecode.swift; path = ExampleCardCell.swift; sourceTree = "<group>"; };
		FA08D1CC225BA9490089EB8E /* User.swift */ = {isa = PBXFileReference; lastKnownFileType = sourcecode.swift; path = User.swift; sourceTree = "<group>"; };
		FA08D1CE225BBDB30089EB8E /* Rating.swift */ = {isa = PBXFileReference; lastKnownFileType = sourcecode.swift; path = Rating.swift; sourceTree = "<group>"; };
		FA0BFA89227731F500BCA6F4 /* produitParSubCatViewController.swift */ = {isa = PBXFileReference; lastKnownFileType = sourcecode.swift; path = produitParSubCatViewController.swift; sourceTree = "<group>"; };
		FA0BFA8B2277322800BCA6F4 /* produitParSubViewCell.swift */ = {isa = PBXFileReference; lastKnownFileType = sourcecode.swift; path = produitParSubViewCell.swift; sourceTree = "<group>"; };
		FA0C0C5A2263480700C7E30E /* PictureCollectionViewCell.swift */ = {isa = PBXFileReference; lastKnownFileType = sourcecode.swift; path = PictureCollectionViewCell.swift; sourceTree = "<group>"; };
		FA0EB81B22608B3A00461BBF /* PoPupCategorieViewController.swift */ = {isa = PBXFileReference; lastKnownFileType = sourcecode.swift; path = PoPupCategorieViewController.swift; sourceTree = "<group>"; };
		FA0EB81F2260948900461BBF /* Share.swift */ = {isa = PBXFileReference; lastKnownFileType = sourcecode.swift; path = Share.swift; sourceTree = "<group>"; };
		FA0EB823226099AA00461BBF /* PoPupSubCategorieViewController.swift */ = {isa = PBXFileReference; lastKnownFileType = sourcecode.swift; path = PoPupSubCategorieViewController.swift; sourceTree = "<group>"; };
		FA0EB8252260D8CF00461BBF /* PopupRegionViewController.swift */ = {isa = PBXFileReference; lastKnownFileType = sourcecode.swift; path = PopupRegionViewController.swift; sourceTree = "<group>"; };
		FA0EB8272260D8DE00461BBF /* PopupCityViewController.swift */ = {isa = PBXFileReference; lastKnownFileType = sourcecode.swift; path = PopupCityViewController.swift; sourceTree = "<group>"; };
		FA0EB8292260DADD00461BBF /* RegionClass.swift */ = {isa = PBXFileReference; lastKnownFileType = sourcecode.swift; path = RegionClass.swift; sourceTree = "<group>"; };
		FA0EB82B2260DAEA00461BBF /* CityClass.swift */ = {isa = PBXFileReference; lastKnownFileType = sourcecode.swift; path = CityClass.swift; sourceTree = "<group>"; };
		FA2094B3225660E3009BB679 /* TestViewController.swift */ = {isa = PBXFileReference; lastKnownFileType = sourcecode.swift; path = TestViewController.swift; sourceTree = "<group>"; };
		FA28500622563FBC00760166 /* BaseService.swift */ = {isa = PBXFileReference; lastKnownFileType = sourcecode.swift; path = BaseService.swift; sourceTree = "<group>"; };
		FA285008225640D800760166 /* AppManager.swift */ = {isa = PBXFileReference; lastKnownFileType = sourcecode.swift; path = AppManager.swift; sourceTree = "<group>"; };
		FA28500A225640FD00760166 /* UserDefaults.swift */ = {isa = PBXFileReference; lastKnownFileType = sourcecode.swift; path = UserDefaults.swift; sourceTree = "<group>"; };
		FA28500C2256412500760166 /* LoginViewController.swift */ = {isa = PBXFileReference; lastKnownFileType = sourcecode.swift; path = LoginViewController.swift; sourceTree = "<group>"; };
		FA28500E2256415600760166 /* RegisterViewController.swift */ = {isa = PBXFileReference; lastKnownFileType = sourcecode.swift; path = RegisterViewController.swift; sourceTree = "<group>"; };
		FA2CEA5F22806C9D00CE8F5F /* MesAnnoncesViewController.swift */ = {isa = PBXFileReference; lastKnownFileType = sourcecode.swift; path = MesAnnoncesViewController.swift; sourceTree = "<group>"; };
		FA2CEA6122806D3800CE8F5F /* ProduitDetailsListCell.swift */ = {isa = PBXFileReference; lastKnownFileType = sourcecode.swift; path = ProduitDetailsListCell.swift; sourceTree = "<group>"; };
		FA2CEA6322806D5E00CE8F5F /* ProfileImageCell.swift */ = {isa = PBXFileReference; lastKnownFileType = sourcecode.swift; path = ProfileImageCell.swift; sourceTree = "<group>"; };
		FA2D69D522560FCF00EF38B6 /* SWRevealViewController.h */ = {isa = PBXFileReference; lastKnownFileType = sourcecode.c.h; path = SWRevealViewController.h; sourceTree = "<group>"; };
		FA2D69D622560FD800EF38B6 /* ProjectCategorie-Bridging-Header.h */ = {isa = PBXFileReference; lastKnownFileType = sourcecode.c.h; path = "ProjectCategorie-Bridging-Header.h"; sourceTree = "<group>"; };
		FA2D69D722560FD900EF38B6 /* SWRevealViewController.m */ = {isa = PBXFileReference; fileEncoding = 4; lastKnownFileType = sourcecode.c.objc; path = SWRevealViewController.m; sourceTree = "<group>"; };
		FA2D69DF2256259200EF38B6 /* BarTableViewCell.swift */ = {isa = PBXFileReference; lastKnownFileType = sourcecode.swift; path = BarTableViewCell.swift; sourceTree = "<group>"; };
		FA2D69E1225625A800EF38B6 /* BarMenuViewController.swift */ = {isa = PBXFileReference; lastKnownFileType = sourcecode.swift; path = BarMenuViewController.swift; sourceTree = "<group>"; };
		FA42495A2259FE84001D5873 /* WelcomeViewController.swift */ = {isa = PBXFileReference; lastKnownFileType = sourcecode.swift; path = WelcomeViewController.swift; sourceTree = "<group>"; };
		FA42495C225A0F77001D5873 /* Extention.swift */ = {isa = PBXFileReference; lastKnownFileType = sourcecode.swift; path = Extention.swift; sourceTree = "<group>"; };
		FA43BFE92271D57100EA276C /* ListProductViewController.swift */ = {isa = PBXFileReference; lastKnownFileType = sourcecode.swift; path = ListProductViewController.swift; sourceTree = "<group>"; };
		FA43BFEB2271D8B000EA276C /* Header.xib */ = {isa = PBXFileReference; lastKnownFileType = file.xib; path = Header.xib; sourceTree = "<group>"; };
		FA43BFF12271DC8D00EA276C /* GridCell.swift */ = {isa = PBXFileReference; lastKnownFileType = sourcecode.swift; path = GridCell.swift; sourceTree = "<group>"; };
		FA43BFF52271E34B00EA276C /* Attachement.swift */ = {isa = PBXFileReference; lastKnownFileType = sourcecode.swift; path = Attachement.swift; sourceTree = "<group>"; };
		FA472887227309AD006369CF /* CommentaireViewController.swift */ = {isa = PBXFileReference; lastKnownFileType = sourcecode.swift; path = CommentaireViewController.swift; sourceTree = "<group>"; };
		FA47288922730A6F006369CF /* Comment.swift */ = {isa = PBXFileReference; lastKnownFileType = sourcecode.swift; path = Comment.swift; sourceTree = "<group>"; };
		FA47288B227313EE006369CF /* CommentaireViewCell.swift */ = {isa = PBXFileReference; lastKnownFileType = sourcecode.swift; path = CommentaireViewCell.swift; sourceTree = "<group>"; };
		FA479D942252202A00573235 /* ProductClass.swift */ = {isa = PBXFileReference; lastKnownFileType = sourcecode.swift; path = ProductClass.swift; sourceTree = "<group>"; };
		FA479D992252206F00573235 /* SousCategClass.swift */ = {isa = PBXFileReference; lastKnownFileType = sourcecode.swift; path = SousCategClass.swift; sourceTree = "<group>"; };
		FA479D9A2252207C00573235 /* CategorieClass.swift */ = {isa = PBXFileReference; lastKnownFileType = sourcecode.swift; path = CategorieClass.swift; sourceTree = "<group>"; };
		FA54B377224E597E0034EBB0 /* CosmosDefaultSettings.swift */ = {isa = PBXFileReference; fileEncoding = 4; lastKnownFileType = sourcecode.swift; name = CosmosDefaultSettings.swift; path = "../../../../Downloads/Rating File/CosmosDefaultSettings.swift"; sourceTree = "<group>"; };
		FA54B378224E597E0034EBB0 /* CosmosSize.swift */ = {isa = PBXFileReference; fileEncoding = 4; lastKnownFileType = sourcecode.swift; name = CosmosSize.swift; path = "../../../../Downloads/Rating File/CosmosSize.swift"; sourceTree = "<group>"; };
		FA54B379224E597E0034EBB0 /* CosmosTouchTarget.swift */ = {isa = PBXFileReference; fileEncoding = 4; lastKnownFileType = sourcecode.swift; name = CosmosTouchTarget.swift; path = "../../../../Downloads/Rating File/CosmosTouchTarget.swift"; sourceTree = "<group>"; };
		FA54B37A224E597E0034EBB0 /* CosmosAccessibility.swift */ = {isa = PBXFileReference; fileEncoding = 4; lastKnownFileType = sourcecode.swift; name = CosmosAccessibility.swift; path = "../../../../Downloads/Rating File/CosmosAccessibility.swift"; sourceTree = "<group>"; };
		FA54B37B224E597E0034EBB0 /* CosmosSettings.swift */ = {isa = PBXFileReference; fileEncoding = 4; lastKnownFileType = sourcecode.swift; name = CosmosSettings.swift; path = "../../../../Downloads/Rating File/CosmosSettings.swift"; sourceTree = "<group>"; };
		FA54B37C224E597E0034EBB0 /* CosmosLayers.swift */ = {isa = PBXFileReference; fileEncoding = 4; lastKnownFileType = sourcecode.swift; name = CosmosLayers.swift; path = "../../../../Downloads/Rating File/CosmosLayers.swift"; sourceTree = "<group>"; };
		FA54B37D224E597E0034EBB0 /* CosmosTouch.swift */ = {isa = PBXFileReference; fileEncoding = 4; lastKnownFileType = sourcecode.swift; name = CosmosTouch.swift; path = "../../../../Downloads/Rating File/CosmosTouch.swift"; sourceTree = "<group>"; };
		FA54B37E224E597E0034EBB0 /* Cosmos.h */ = {isa = PBXFileReference; fileEncoding = 4; lastKnownFileType = sourcecode.c.h; name = Cosmos.h; path = "../../../../Downloads/Rating File/Cosmos.h"; sourceTree = "<group>"; };
		FA54B37F224E597E0034EBB0 /* CosmosLocalizedRating.swift */ = {isa = PBXFileReference; fileEncoding = 4; lastKnownFileType = sourcecode.swift; name = CosmosLocalizedRating.swift; path = "../../../../Downloads/Rating File/CosmosLocalizedRating.swift"; sourceTree = "<group>"; };
		FA54B380224E597E0034EBB0 /* StarFillMode.swift */ = {isa = PBXFileReference; fileEncoding = 4; lastKnownFileType = sourcecode.swift; name = StarFillMode.swift; path = "../../../../Downloads/Rating File/StarFillMode.swift"; sourceTree = "<group>"; };
		FA54B381224E597E0034EBB0 /* CosmosView.swift */ = {isa = PBXFileReference; fileEncoding = 4; lastKnownFileType = sourcecode.swift; name = CosmosView.swift; path = "../../../../Downloads/Rating File/CosmosView.swift"; sourceTree = "<group>"; };
		FA54B382224E597E0034EBB0 /* CosmosLayerHelper.swift */ = {isa = PBXFileReference; fileEncoding = 4; lastKnownFileType = sourcecode.swift; name = CosmosLayerHelper.swift; path = "../../../../Downloads/Rating File/CosmosLayerHelper.swift"; sourceTree = "<group>"; };
		FA54B383224E597F0034EBB0 /* RightToLeft.swift */ = {isa = PBXFileReference; fileEncoding = 4; lastKnownFileType = sourcecode.swift; name = RightToLeft.swift; path = "../../../../Downloads/Rating File/RightToLeft.swift"; sourceTree = "<group>"; };
		FA54B384224E597F0034EBB0 /* StarLayer.swift */ = {isa = PBXFileReference; fileEncoding = 4; lastKnownFileType = sourcecode.swift; name = StarLayer.swift; path = "../../../../Downloads/Rating File/StarLayer.swift"; sourceTree = "<group>"; };
		FA54B385224E597F0034EBB0 /* CosmosText.swift */ = {isa = PBXFileReference; fileEncoding = 4; lastKnownFileType = sourcecode.swift; name = CosmosText.swift; path = "../../../../Downloads/Rating File/CosmosText.swift"; sourceTree = "<group>"; };
		FA54B386224E597F0034EBB0 /* CosmosRating.swift */ = {isa = PBXFileReference; fileEncoding = 4; lastKnownFileType = sourcecode.swift; name = CosmosRating.swift; path = "../../../../Downloads/Rating File/CosmosRating.swift"; sourceTree = "<group>"; };
		FA54B398224E60010034EBB0 /* productTableViewCell.swift */ = {isa = PBXFileReference; lastKnownFileType = sourcecode.swift; path = productTableViewCell.swift; sourceTree = "<group>"; };
		FA54B39A224E60230034EBB0 /* ProductViewController.swift */ = {isa = PBXFileReference; lastKnownFileType = sourcecode.swift; path = ProductViewController.swift; sourceTree = "<group>"; };
		FA54B39C224E60620034EBB0 /* louerViewController.swift */ = {isa = PBXFileReference; lastKnownFileType = sourcecode.swift; path = louerViewController.swift; sourceTree = "<group>"; };
		FA54B39E224E83F80034EBB0 /* AjouterProduitViewController.swift */ = {isa = PBXFileReference; lastKnownFileType = sourcecode.swift; path = AjouterProduitViewController.swift; sourceTree = "<group>"; };
		FA5C766A225E2CD6009EC69E /* PageCell.swift */ = {isa = PBXFileReference; lastKnownFileType = sourcecode.swift; path = PageCell.swift; sourceTree = "<group>"; };
		FA5C766C225E3D8D009EC69E /* Page2Cell.swift */ = {isa = PBXFileReference; lastKnownFileType = sourcecode.swift; path = Page2Cell.swift; sourceTree = "<group>"; };
		FA5C766E225E48F8009EC69E /* Page.swift */ = {isa = PBXFileReference; lastKnownFileType = sourcecode.swift; path = Page.swift; sourceTree = "<group>"; };
		FA65D9B022326BB70058ADFA /* ProjectCategorie.app */ = {isa = PBXFileReference; explicitFileType = wrapper.application; includeInIndex = 0; path = ProjectCategorie.app; sourceTree = BUILT_PRODUCTS_DIR; };
		FA65D9B322326BB70058ADFA /* AppDelegate.swift */ = {isa = PBXFileReference; lastKnownFileType = sourcecode.swift; path = AppDelegate.swift; sourceTree = "<group>"; };
		FA65D9B522326BB70058ADFA /* RechercheViewController.swift */ = {isa = PBXFileReference; lastKnownFileType = sourcecode.swift; path = RechercheViewController.swift; sourceTree = "<group>"; };
		FA65D9BA22326BB80058ADFA /* Assets.xcassets */ = {isa = PBXFileReference; lastKnownFileType = folder.assetcatalog; path = Assets.xcassets; sourceTree = "<group>"; };
		FA65D9BD22326BB80058ADFA /* Base */ = {isa = PBXFileReference; lastKnownFileType = file.storyboard; name = Base; path = Base.lproj/LaunchScreen.storyboard; sourceTree = "<group>"; };
		FA65D9BF22326BB80058ADFA /* Info.plist */ = {isa = PBXFileReference; lastKnownFileType = text.plist.xml; path = Info.plist; sourceTree = "<group>"; };
		FA65D9C922326CFA0058ADFA /* SearchViewCell.swift */ = {isa = PBXFileReference; lastKnownFileType = sourcecode.swift; path = SearchViewCell.swift; sourceTree = "<group>"; };
		FA8E2553227489CB0038DE98 /* FavoritesViewController.swift */ = {isa = PBXFileReference; lastKnownFileType = sourcecode.swift; path = FavoritesViewController.swift; sourceTree = "<group>"; };
		FA8E25552274E45E0038DE98 /* ChildSearchTableViewCell.swift */ = {isa = PBXFileReference; lastKnownFileType = sourcecode.swift; path = ChildSearchTableViewCell.swift; sourceTree = "<group>"; };
		FA8E25562274E45E0038DE98 /* ChildSearchTableViewCell.xib */ = {isa = PBXFileReference; lastKnownFileType = file.xib; path = ChildSearchTableViewCell.xib; sourceTree = "<group>"; };
		FAE4D9D422624F4E0070EFDA /* LocationSearchTable.swift */ = {isa = PBXFileReference; lastKnownFileType = sourcecode.swift; path = LocationSearchTable.swift; sourceTree = "<group>"; };
		FAF956732270BE8E00191F74 /* PoPupUniteViewController.swift */ = {isa = PBXFileReference; lastKnownFileType = sourcecode.swift; path = PoPupUniteViewController.swift; sourceTree = "<group>"; };
		FAF956752270BEA300191F74 /* PopUpEtatViewController.swift */ = {isa = PBXFileReference; lastKnownFileType = sourcecode.swift; path = PopUpEtatViewController.swift; sourceTree = "<group>"; };
		FAF956772270C34E00191F74 /* Etat.swift */ = {isa = PBXFileReference; lastKnownFileType = sourcecode.swift; path = Etat.swift; sourceTree = "<group>"; };
		FAFEF20A227AFA0B00B98A42 /* Favorite.swift */ = {isa = PBXFileReference; lastKnownFileType = sourcecode.swift; path = Favorite.swift; sourceTree = "<group>"; };
		FAFEF20C227B000000B98A42 /* FavoriteCell.swift */ = {isa = PBXFileReference; lastKnownFileType = sourcecode.swift; path = FavoriteCell.swift; sourceTree = "<group>"; };
/* End PBXFileReference section */

/* Begin PBXFrameworksBuildPhase section */
		FA65D9AD22326BB70058ADFA /* Frameworks */ = {
			isa = PBXFrameworksBuildPhase;
			buildActionMask = 2147483647;
			files = (
				73045C31C2AC8441AA21AF23 /* Pods_ProjectCategorie.framework in Frameworks */,
			);
			runOnlyForDeploymentPostprocessing = 0;
		};
/* End PBXFrameworksBuildPhase section */

/* Begin PBXGroup section */
		562C1B4156451819B59788E3 /* Pods */ = {
			isa = PBXGroup;
			children = (
				2B740453A11F011E83D9E219 /* Pods-ProjectCategorie.debug.xcconfig */,
				B845D43C58DF819262B63DA3 /* Pods-ProjectCategorie.release.xcconfig */,
			);
			path = Pods;
			sourceTree = "<group>";
		};
		772C77CF04301E5868F8EA13 /* Frameworks */ = {
			isa = PBXGroup;
			children = (
				000A8D701176FF965D357EBB /* Pods_ProjectCategorie.framework */,
			);
			name = Frameworks;
			sourceTree = "<group>";
		};
		FA0A66A6227EF0CD003CE077 /* Manager  */ = {
			isa = PBXGroup;
			children = (
			);
			path = "Manager ";
			sourceTree = "<group>";
		};
		FA28500522563FA900760166 /* Service */ = {
			isa = PBXGroup;
			children = (
				FA28500622563FBC00760166 /* BaseService.swift */,
				FA285008225640D800760166 /* AppManager.swift */,
				FA28500A225640FD00760166 /* UserDefaults.swift */,
				FA0EB81F2260948900461BBF /* Share.swift */,
			);
			path = Service;
			sourceTree = "<group>";
		};
		FA479D962252204600573235 /* Model */ = {
			isa = PBXGroup;
			children = (
				FA479D942252202A00573235 /* ProductClass.swift */,
				FA479D992252206F00573235 /* SousCategClass.swift */,
				FA479D9A2252207C00573235 /* CategorieClass.swift */,
				FA00BB522257A3DC0090622F /* Unite.swift */,
				FA08D1CC225BA9490089EB8E /* User.swift */,
				FA08D1CE225BBDB30089EB8E /* Rating.swift */,
				FA5C766E225E48F8009EC69E /* Page.swift */,
				FA0EB8292260DADD00461BBF /* RegionClass.swift */,
				FA0EB82B2260DAEA00461BBF /* CityClass.swift */,
				FA05C8AB2269E559005F217D /* tuto.swift */,
				FA05C8AD226A129C005F217D /* photo.swift */,
				FA03159F226B907B0032673B /* Column.swift */,
				FA0081BD226C5FB400478532 /* Media.swift */,
				FAF956772270C34E00191F74 /* Etat.swift */,
				FA43BFF52271E34B00EA276C /* Attachement.swift */,
				FA47288922730A6F006369CF /* Comment.swift */,
				FAFEF20A227AFA0B00B98A42 /* Favorite.swift */,
			);
			path = Model;
			sourceTree = "<group>";
		};
		FA479D972252205000573235 /* View */ = {
			isa = PBXGroup;
			children = (
				FA00BB4D22579A3D0090622F /* Main.storyboard */,
				FA65D9BC22326BB80058ADFA /* LaunchScreen.storyboard */,
				FA54B398224E60010034EBB0 /* productTableViewCell.swift */,
				FA65D9C922326CFA0058ADFA /* SearchViewCell.swift */,
				FA5C766A225E2CD6009EC69E /* PageCell.swift */,
				FA5C766C225E3D8D009EC69E /* Page2Cell.swift */,
				FA0C0C5A2263480700C7E30E /* PictureCollectionViewCell.swift */,
				FA01A32A2268BA2D00CD431A /* RecentSearchCell.swift */,
				FA0823EE2269C19D006AB45C /* ExampleCardCell.swift */,
				FA05B1072269CA9F000196DD /* z.xib */,
				FA05B1092269CE1D000196DD /* ExamCell.xib */,
				FA03159D226B84BF0032673B /* ColumnTableViewCell.swift */,
				FA43BFEB2271D8B000EA276C /* Header.xib */,
				FA43BFF12271DC8D00EA276C /* GridCell.swift */,
				FA47288B227313EE006369CF /* CommentaireViewCell.swift */,
				FA8E25552274E45E0038DE98 /* ChildSearchTableViewCell.swift */,
				FA8E25562274E45E0038DE98 /* ChildSearchTableViewCell.xib */,
				FA0BFA8B2277322800BCA6F4 /* produitParSubViewCell.swift */,
				FA0621802278861D0031AA69 /* sliderCell.swift */,
				FAFEF20C227B000000B98A42 /* FavoriteCell.swift */,
				FA018FA9227C7D8900A13A05 /* sliderCommentCollectionViewCell.swift */,
				FA2CEA6122806D3800CE8F5F /* ProduitDetailsListCell.swift */,
				FA2CEA6322806D5E00CE8F5F /* ProfileImageCell.swift */,
			);
			path = View;
			sourceTree = "<group>";
		};
		FA479D982252205900573235 /* Controller */ = {
			isa = PBXGroup;
			children = (
				FA54B39A224E60230034EBB0 /* ProductViewController.swift */,
				FA54B39C224E60620034EBB0 /* louerViewController.swift */,
				FA65D9B522326BB70058ADFA /* RechercheViewController.swift */,
				FA54B39E224E83F80034EBB0 /* AjouterProduitViewController.swift */,
				FA2D69D622560FD800EF38B6 /* ProjectCategorie-Bridging-Header.h */,
				FA2D69DF2256259200EF38B6 /* BarTableViewCell.swift */,
				FA2D69E1225625A800EF38B6 /* BarMenuViewController.swift */,
				FA28500C2256412500760166 /* LoginViewController.swift */,
				FA28500E2256415600760166 /* RegisterViewController.swift */,
				FA2094B3225660E3009BB679 /* TestViewController.swift */,
				FA00BB5022579A830090622F /* ProfileViewController.swift */,
				FA42495A2259FE84001D5873 /* WelcomeViewController.swift */,
				FA074606225CF3A7008A744C /* SwippingController.swift */,
				FA0EB81B22608B3A00461BBF /* PoPupCategorieViewController.swift */,
				FA0EB823226099AA00461BBF /* PoPupSubCategorieViewController.swift */,
				FA0EB8252260D8CF00461BBF /* PopupRegionViewController.swift */,
				FA0EB8272260D8DE00461BBF /* PopupCityViewController.swift */,
				FA0481A72261E47C007641CD /* PopUpAddresseViewController.swift */,
				FA0481A92261EA94007641CD /* SearchResultsController.swift */,
				FAE4D9D422624F4E0070EFDA /* LocationSearchTable.swift */,
				FA01A3282268859C00CD431A /* HomeViewController.swift */,
				FA01A32C2268FBBF00CD431A /* TutorielViewController.swift */,
				FAF956732270BE8E00191F74 /* PoPupUniteViewController.swift */,
				FAF956752270BEA300191F74 /* PopUpEtatViewController.swift */,
				FA43BFE92271D57100EA276C /* ListProductViewController.swift */,
				FA472887227309AD006369CF /* CommentaireViewController.swift */,
				FA8E2553227489CB0038DE98 /* FavoritesViewController.swift */,
				FA0BFA89227731F500BCA6F4 /* produitParSubCatViewController.swift */,
				FA2CEA5F22806C9D00CE8F5F /* MesAnnoncesViewController.swift */,
				FA046C432281E31A0096456A /* ProfilTabBarController.swift */,
			);
			path = Controller;
			sourceTree = "<group>";
		};
		FA54B376224E59470034EBB0 /* CosmosRatingFile */ = {
			isa = PBXGroup;
			children = (
				FA54B37E224E597E0034EBB0 /* Cosmos.h */,
				FA54B37A224E597E0034EBB0 /* CosmosAccessibility.swift */,
				FA54B377224E597E0034EBB0 /* CosmosDefaultSettings.swift */,
				FA54B382224E597E0034EBB0 /* CosmosLayerHelper.swift */,
				FA54B37C224E597E0034EBB0 /* CosmosLayers.swift */,
				FA54B37F224E597E0034EBB0 /* CosmosLocalizedRating.swift */,
				FA54B386224E597F0034EBB0 /* CosmosRating.swift */,
				FA54B37B224E597E0034EBB0 /* CosmosSettings.swift */,
				FA54B378224E597E0034EBB0 /* CosmosSize.swift */,
				FA54B385224E597F0034EBB0 /* CosmosText.swift */,
				FA54B37D224E597E0034EBB0 /* CosmosTouch.swift */,
				FA54B379224E597E0034EBB0 /* CosmosTouchTarget.swift */,
				FA54B381224E597E0034EBB0 /* CosmosView.swift */,
				FA54B383224E597F0034EBB0 /* RightToLeft.swift */,
				FA54B380224E597E0034EBB0 /* StarFillMode.swift */,
				FA54B384224E597F0034EBB0 /* StarLayer.swift */,
			);
			name = CosmosRatingFile;
			path = ../RatingView/RatingView/CosmosRatingFile;
			sourceTree = "<group>";
		};
		FA65D9A722326BB70058ADFA = {
			isa = PBXGroup;
			children = (
				FA65D9B222326BB70058ADFA /* ProjectCategorie */,
				FA54B376224E59470034EBB0 /* CosmosRatingFile */,
				FA65D9B122326BB70058ADFA /* Products */,
				562C1B4156451819B59788E3 /* Pods */,
				772C77CF04301E5868F8EA13 /* Frameworks */,
			);
			sourceTree = "<group>";
		};
		FA65D9B122326BB70058ADFA /* Products */ = {
			isa = PBXGroup;
			children = (
				FA65D9B022326BB70058ADFA /* ProjectCategorie.app */,
			);
			name = Products;
			sourceTree = "<group>";
		};
		FA65D9B222326BB70058ADFA /* ProjectCategorie */ = {
			isa = PBXGroup;
			children = (
				FA2D69D722560FD900EF38B6 /* SWRevealViewController.m */,
				FA2D69D522560FCF00EF38B6 /* SWRevealViewController.h */,
				FA0A66A6227EF0CD003CE077 /* Manager  */,
				FA00BB4C225797B50090622F /* icn-dropdown.pdf */,
				FA28500522563FA900760166 /* Service */,
				FA65D9B322326BB70058ADFA /* AppDelegate.swift */,
				FA65D9BA22326BB80058ADFA /* Assets.xcassets */,
				FA42495C225A0F77001D5873 /* Extention.swift */,
				FA65D9BF22326BB80058ADFA /* Info.plist */,
				FA479D962252204600573235 /* Model */,
				FA479D982252205900573235 /* Controller */,
				FA479D972252205000573235 /* View */,
			);
			path = ProjectCategorie;
			sourceTree = "<group>";
		};
/* End PBXGroup section */

/* Begin PBXNativeTarget section */
		FA65D9AF22326BB70058ADFA /* ProjectCategorie */ = {
			isa = PBXNativeTarget;
			buildConfigurationList = FA65D9C222326BB80058ADFA /* Build configuration list for PBXNativeTarget "ProjectCategorie" */;
			buildPhases = (
				2D231217FF8E40F29AE05115 /* [CP] Check Pods Manifest.lock */,
				FA65D9AC22326BB70058ADFA /* Sources */,
				FA65D9AD22326BB70058ADFA /* Frameworks */,
				FA65D9AE22326BB70058ADFA /* Resources */,
				02C81F7357DBFC84E90AA35C /* [CP] Embed Pods Frameworks */,
				C81DA3A1834432888ADD6E7D /* [CP] Copy Pods Resources */,
			);
			buildRules = (
			);
			dependencies = (
			);
			name = ProjectCategorie;
			productName = ProjectCategorie;
			productReference = FA65D9B022326BB70058ADFA /* ProjectCategorie.app */;
			productType = "com.apple.product-type.application";
		};
/* End PBXNativeTarget section */

/* Begin PBXProject section */
		FA65D9A822326BB70058ADFA /* Project object */ = {
			isa = PBXProject;
			attributes = {
				LastSwiftUpdateCheck = 1010;
				LastUpgradeCheck = 1010;
				ORGANIZATIONNAME = "MacBook Pro";
				TargetAttributes = {
					FA65D9AF22326BB70058ADFA = {
						CreatedOnToolsVersion = 10.1;
						LastSwiftMigration = 1010;
					};
				};
			};
			buildConfigurationList = FA65D9AB22326BB70058ADFA /* Build configuration list for PBXProject "ProjectCategorie" */;
			compatibilityVersion = "Xcode 9.3";
			developmentRegion = en;
			hasScannedForEncodings = 0;
			knownRegions = (
				en,
				Base,
			);
			mainGroup = FA65D9A722326BB70058ADFA;
			productRefGroup = FA65D9B122326BB70058ADFA /* Products */;
			projectDirPath = "";
			projectRoot = "";
			targets = (
				FA65D9AF22326BB70058ADFA /* ProjectCategorie */,
			);
		};
/* End PBXProject section */

/* Begin PBXResourcesBuildPhase section */
		FA65D9AE22326BB70058ADFA /* Resources */ = {
			isa = PBXResourcesBuildPhase;
			buildActionMask = 2147483647;
			files = (
				FA05B10A2269CE1D000196DD /* ExamCell.xib in Resources */,
				FA05B1082269CA9F000196DD /* z.xib in Resources */,
				FA00BB4F22579A3E0090622F /* Main.storyboard in Resources */,
				FA65D9BE22326BB80058ADFA /* LaunchScreen.storyboard in Resources */,
				FA8E25582274E45E0038DE98 /* ChildSearchTableViewCell.xib in Resources */,
				FA43BFEC2271D8B000EA276C /* Header.xib in Resources */,
				FA65D9BB22326BB80058ADFA /* Assets.xcassets in Resources */,
			);
			runOnlyForDeploymentPostprocessing = 0;
		};
/* End PBXResourcesBuildPhase section */

/* Begin PBXShellScriptBuildPhase section */
		02C81F7357DBFC84E90AA35C /* [CP] Embed Pods Frameworks */ = {
			isa = PBXShellScriptBuildPhase;
			buildActionMask = 2147483647;
			files = (
			);
			inputFileListPaths = (
			);
			inputPaths = (
				"${PODS_ROOT}/Target Support Files/Pods-ProjectCategorie/Pods-ProjectCategorie-frameworks.sh",
				"${BUILT_PRODUCTS_DIR}/ALCameraViewController/ALCameraViewController.framework",
				"${BUILT_PRODUCTS_DIR}/ASCollectionView/ASCollectionView.framework",
				"${BUILT_PRODUCTS_DIR}/Alamofire/Alamofire.framework",
				"${BUILT_PRODUCTS_DIR}/AlamofireImage/AlamofireImage.framework",
				"${BUILT_PRODUCTS_DIR}/AnimatedField/AnimatedField.framework",
				"${BUILT_PRODUCTS_DIR}/JBTabBarAnimation/JBTabBarAnimation.framework",
				"${BUILT_PRODUCTS_DIR}/JWTDecode/JWTDecode.framework",
				"${BUILT_PRODUCTS_DIR}/MMBannerLayout/MMBannerLayout.framework",
				"${BUILT_PRODUCTS_DIR}/SWCombox/SWCombox.framework",
				"${BUILT_PRODUCTS_DIR}/SkyFloatingLabelTextField/SkyFloatingLabelTextField.framework",
				"${BUILT_PRODUCTS_DIR}/StepIndicator/StepIndicator.framework",
				"${BUILT_PRODUCTS_DIR}/VerticalCardSwiper/VerticalCardSwiper.framework",
				"${BUILT_PRODUCTS_DIR}/p2.OAuth2/p2_OAuth2.framework",
			);
			name = "[CP] Embed Pods Frameworks";
			outputFileListPaths = (
			);
			outputPaths = (
				"${TARGET_BUILD_DIR}/${FRAMEWORKS_FOLDER_PATH}/ALCameraViewController.framework",
				"${TARGET_BUILD_DIR}/${FRAMEWORKS_FOLDER_PATH}/ASCollectionView.framework",
				"${TARGET_BUILD_DIR}/${FRAMEWORKS_FOLDER_PATH}/Alamofire.framework",
				"${TARGET_BUILD_DIR}/${FRAMEWORKS_FOLDER_PATH}/AlamofireImage.framework",
				"${TARGET_BUILD_DIR}/${FRAMEWORKS_FOLDER_PATH}/AnimatedField.framework",
				"${TARGET_BUILD_DIR}/${FRAMEWORKS_FOLDER_PATH}/JBTabBarAnimation.framework",
				"${TARGET_BUILD_DIR}/${FRAMEWORKS_FOLDER_PATH}/JWTDecode.framework",
				"${TARGET_BUILD_DIR}/${FRAMEWORKS_FOLDER_PATH}/MMBannerLayout.framework",
				"${TARGET_BUILD_DIR}/${FRAMEWORKS_FOLDER_PATH}/SWCombox.framework",
				"${TARGET_BUILD_DIR}/${FRAMEWORKS_FOLDER_PATH}/SkyFloatingLabelTextField.framework",
				"${TARGET_BUILD_DIR}/${FRAMEWORKS_FOLDER_PATH}/StepIndicator.framework",
				"${TARGET_BUILD_DIR}/${FRAMEWORKS_FOLDER_PATH}/VerticalCardSwiper.framework",
				"${TARGET_BUILD_DIR}/${FRAMEWORKS_FOLDER_PATH}/p2_OAuth2.framework",
			);
			runOnlyForDeploymentPostprocessing = 0;
			shellPath = /bin/sh;
			shellScript = "\"${PODS_ROOT}/Target Support Files/Pods-ProjectCategorie/Pods-ProjectCategorie-frameworks.sh\"\n";
			showEnvVarsInLog = 0;
		};
		2D231217FF8E40F29AE05115 /* [CP] Check Pods Manifest.lock */ = {
			isa = PBXShellScriptBuildPhase;
			buildActionMask = 2147483647;
			files = (
			);
			inputFileListPaths = (
			);
			inputPaths = (
				"${PODS_PODFILE_DIR_PATH}/Podfile.lock",
				"${PODS_ROOT}/Manifest.lock",
			);
			name = "[CP] Check Pods Manifest.lock";
			outputFileListPaths = (
			);
			outputPaths = (
				"$(DERIVED_FILE_DIR)/Pods-ProjectCategorie-checkManifestLockResult.txt",
			);
			runOnlyForDeploymentPostprocessing = 0;
			shellPath = /bin/sh;
			shellScript = "diff \"${PODS_PODFILE_DIR_PATH}/Podfile.lock\" \"${PODS_ROOT}/Manifest.lock\" > /dev/null\nif [ $? != 0 ] ; then\n    # print error to STDERR\n    echo \"error: The sandbox is not in sync with the Podfile.lock. Run 'pod install' or update your CocoaPods installation.\" >&2\n    exit 1\nfi\n# This output is used by Xcode 'outputs' to avoid re-running this script phase.\necho \"SUCCESS\" > \"${SCRIPT_OUTPUT_FILE_0}\"\n";
			showEnvVarsInLog = 0;
		};
		C81DA3A1834432888ADD6E7D /* [CP] Copy Pods Resources */ = {
			isa = PBXShellScriptBuildPhase;
			buildActionMask = 2147483647;
			files = (
			);
			inputFileListPaths = (
			);
			inputPaths = (
				"${PODS_ROOT}/Target Support Files/Pods-ProjectCategorie/Pods-ProjectCategorie-resources.sh",
				"${PODS_ROOT}/GoogleMaps/Maps/Frameworks/GoogleMaps.framework/Resources/GoogleMaps.bundle",
				"${PODS_ROOT}/GooglePlaces/Frameworks/GooglePlaces.framework/Resources/GooglePlaces.bundle",
			);
			name = "[CP] Copy Pods Resources";
			outputFileListPaths = (
			);
			outputPaths = (
				"${TARGET_BUILD_DIR}/${UNLOCALIZED_RESOURCES_FOLDER_PATH}/GoogleMaps.bundle",
				"${TARGET_BUILD_DIR}/${UNLOCALIZED_RESOURCES_FOLDER_PATH}/GooglePlaces.bundle",
			);
			runOnlyForDeploymentPostprocessing = 0;
			shellPath = /bin/sh;
			shellScript = "\"${PODS_ROOT}/Target Support Files/Pods-ProjectCategorie/Pods-ProjectCategorie-resources.sh\"\n";
			showEnvVarsInLog = 0;
		};
/* End PBXShellScriptBuildPhase section */

/* Begin PBXSourcesBuildPhase section */
		FA65D9AC22326BB70058ADFA /* Sources */ = {
			isa = PBXSourcesBuildPhase;
			buildActionMask = 2147483647;
			files = (
				FA54B389224E597F0034EBB0 /* CosmosTouchTarget.swift in Sources */,
				FA01A32B2268BA2D00CD431A /* RecentSearchCell.swift in Sources */,
				FA54B39F224E83F80034EBB0 /* AjouterProduitViewController.swift in Sources */,
				FA2094B4225660E3009BB679 /* TestViewController.swift in Sources */,
				FA479D952252202A00573235 /* ProductClass.swift in Sources */,
				FA2CEA6422806D5E00CE8F5F /* ProfileImageCell.swift in Sources */,
				FA472888227309AD006369CF /* CommentaireViewController.swift in Sources */,
				FAFEF20B227AFA0B00B98A42 /* Favorite.swift in Sources */,
				FA54B38B224E597F0034EBB0 /* CosmosSettings.swift in Sources */,
				FA0081BE226C5FB400478532 /* Media.swift in Sources */,
				FA0621812278861D0031AA69 /* sliderCell.swift in Sources */,
				FA54B391224E597F0034EBB0 /* CosmosLayerHelper.swift in Sources */,
				FA5C766F225E48F8009EC69E /* Page.swift in Sources */,
				FA0BFA8A227731F500BCA6F4 /* produitParSubCatViewController.swift in Sources */,
				FA65D9CA22326CFA0058ADFA /* SearchViewCell.swift in Sources */,
				FA28500722563FBC00760166 /* BaseService.swift in Sources */,
				FA2D69D822560FD900EF38B6 /* SWRevealViewController.m in Sources */,
				FA0481AA2261EA94007641CD /* SearchResultsController.swift in Sources */,
				FA54B399224E60010034EBB0 /* productTableViewCell.swift in Sources */,
				FA0C0C5B2263480700C7E30E /* PictureCollectionViewCell.swift in Sources */,
				FAF956742270BE8E00191F74 /* PoPupUniteViewController.swift in Sources */,
				FA28500F2256415600760166 /* RegisterViewController.swift in Sources */,
				FA0EB82A2260DADD00461BBF /* RegionClass.swift in Sources */,
				FA47288A22730A6F006369CF /* Comment.swift in Sources */,
				FA479D9C2252221A00573235 /* SousCategClass.swift in Sources */,
				FA08D1CF225BBDB30089EB8E /* Rating.swift in Sources */,
				FA54B393224E597F0034EBB0 /* StarLayer.swift in Sources */,
				FA42495B2259FE84001D5873 /* WelcomeViewController.swift in Sources */,
				FA01A3292268859C00CD431A /* HomeViewController.swift in Sources */,
				FA05C8AC2269E559005F217D /* tuto.swift in Sources */,
				FA54B395224E597F0034EBB0 /* CosmosRating.swift in Sources */,
				FA54B38C224E597F0034EBB0 /* CosmosLayers.swift in Sources */,
				FA8E25572274E45E0038DE98 /* ChildSearchTableViewCell.swift in Sources */,
				FA2D69E2225625A800EF38B6 /* BarMenuViewController.swift in Sources */,
				FA43BFEA2271D57100EA276C /* ListProductViewController.swift in Sources */,
				FA01A32D2268FBBF00CD431A /* TutorielViewController.swift in Sources */,
				FA54B394224E597F0034EBB0 /* CosmosText.swift in Sources */,
				FA54B387224E597F0034EBB0 /* CosmosDefaultSettings.swift in Sources */,
				FA5C766B225E2CD6009EC69E /* PageCell.swift in Sources */,
				FA54B38E224E597F0034EBB0 /* CosmosLocalizedRating.swift in Sources */,
				FA018FAA227C7D8900A13A05 /* sliderCommentCollectionViewCell.swift in Sources */,
				FAF956762270BEA300191F74 /* PopUpEtatViewController.swift in Sources */,
				FA0EB8282260D8DE00461BBF /* PopupCityViewController.swift in Sources */,
				FA47288C227313EE006369CF /* CommentaireViewCell.swift in Sources */,
				FA54B388224E597F0034EBB0 /* CosmosSize.swift in Sources */,
				FA28500D2256412500760166 /* LoginViewController.swift in Sources */,
				FA285009225640D800760166 /* AppManager.swift in Sources */,
				FA54B38D224E597F0034EBB0 /* CosmosTouch.swift in Sources */,
				FA54B39B224E60230034EBB0 /* ProductViewController.swift in Sources */,
				FA0823EF2269C19D006AB45C /* ExampleCardCell.swift in Sources */,
				FA2CEA6022806C9D00CE8F5F /* MesAnnoncesViewController.swift in Sources */,
				FA0481A82261E47C007641CD /* PopUpAddresseViewController.swift in Sources */,
				FA0315A0226B907B0032673B /* Column.swift in Sources */,
				FA0EB824226099AA00461BBF /* PoPupSubCategorieViewController.swift in Sources */,
				FA2D69E02256259200EF38B6 /* BarTableViewCell.swift in Sources */,
				FA08D1CD225BA9490089EB8E /* User.swift in Sources */,
				FA42495D225A0F77001D5873 /* Extention.swift in Sources */,
				FA65D9B622326BB70058ADFA /* RechercheViewController.swift in Sources */,
				FA0EB8262260D8CF00461BBF /* PopupRegionViewController.swift in Sources */,
				FA05C8AE226A129C005F217D /* photo.swift in Sources */,
				FA479D9D2252221C00573235 /* CategorieClass.swift in Sources */,
				FAE4D9D522624F4E0070EFDA /* LocationSearchTable.swift in Sources */,
				FA54B38A224E597F0034EBB0 /* CosmosAccessibility.swift in Sources */,
				FA0BFA8C2277322800BCA6F4 /* produitParSubViewCell.swift in Sources */,
				FA2CEA6222806D3800CE8F5F /* ProduitDetailsListCell.swift in Sources */,
				FA074607225CF3A7008A744C /* SwippingController.swift in Sources */,
				FA8E2554227489CB0038DE98 /* FavoritesViewController.swift in Sources */,
				FA0EB8202260948900461BBF /* Share.swift in Sources */,
				FAF956782270C34E00191F74 /* Etat.swift in Sources */,
				FA54B39D224E60620034EBB0 /* louerViewController.swift in Sources */,
				FA28500B225640FD00760166 /* UserDefaults.swift in Sources */,
				FA43BFF22271DC8D00EA276C /* GridCell.swift in Sources */,
				FA54B392224E597F0034EBB0 /* RightToLeft.swift in Sources */,
				FA00BB532257A3DC0090622F /* Unite.swift in Sources */,
				FA43BFF62271E34B00EA276C /* Attachement.swift in Sources */,
				FA65D9B422326BB70058ADFA /* AppDelegate.swift in Sources */,
				FA5C766D225E3D8D009EC69E /* Page2Cell.swift in Sources */,
				FA046C442281E31A0096456A /* ProfilTabBarController.swift in Sources */,
				FA00BB5122579A830090622F /* ProfileViewController.swift in Sources */,
				FA03159E226B84BF0032673B /* ColumnTableViewCell.swift in Sources */,
				FA54B390224E597F0034EBB0 /* CosmosView.swift in Sources */,
				FA0EB82C2260DAEA00461BBF /* CityClass.swift in Sources */,
				FAFEF20D227B000000B98A42 /* FavoriteCell.swift in Sources */,
				FA0EB81C22608B3A00461BBF /* PoPupCategorieViewController.swift in Sources */,
				FA54B38F224E597F0034EBB0 /* StarFillMode.swift in Sources */,
			);
			runOnlyForDeploymentPostprocessing = 0;
		};
/* End PBXSourcesBuildPhase section */

/* Begin PBXVariantGroup section */
		FA00BB4D22579A3D0090622F /* Main.storyboard */ = {
			isa = PBXVariantGroup;
			children = (
				FA00BB4E22579A3D0090622F /* Base */,
			);
			name = Main.storyboard;
			sourceTree = "<group>";
		};
		FA65D9BC22326BB80058ADFA /* LaunchScreen.storyboard */ = {
			isa = PBXVariantGroup;
			children = (
				FA65D9BD22326BB80058ADFA /* Base */,
			);
			name = LaunchScreen.storyboard;
			sourceTree = "<group>";
		};
/* End PBXVariantGroup section */

/* Begin XCBuildConfiguration section */
		FA65D9C022326BB80058ADFA /* Debug */ = {
			isa = XCBuildConfiguration;
			buildSettings = {
				ALWAYS_SEARCH_USER_PATHS = NO;
				CLANG_ANALYZER_NONNULL = YES;
				CLANG_ANALYZER_NUMBER_OBJECT_CONVERSION = YES_AGGRESSIVE;
				CLANG_CXX_LANGUAGE_STANDARD = "gnu++14";
				CLANG_CXX_LIBRARY = "libc++";
				CLANG_ENABLE_MODULES = YES;
				CLANG_ENABLE_OBJC_ARC = YES;
				CLANG_ENABLE_OBJC_WEAK = YES;
				CLANG_WARN_BLOCK_CAPTURE_AUTORELEASING = YES;
				CLANG_WARN_BOOL_CONVERSION = YES;
				CLANG_WARN_COMMA = YES;
				CLANG_WARN_CONSTANT_CONVERSION = YES;
				CLANG_WARN_DEPRECATED_OBJC_IMPLEMENTATIONS = YES;
				CLANG_WARN_DIRECT_OBJC_ISA_USAGE = YES_ERROR;
				CLANG_WARN_DOCUMENTATION_COMMENTS = YES;
				CLANG_WARN_EMPTY_BODY = YES;
				CLANG_WARN_ENUM_CONVERSION = YES;
				CLANG_WARN_INFINITE_RECURSION = YES;
				CLANG_WARN_INT_CONVERSION = YES;
				CLANG_WARN_NON_LITERAL_NULL_CONVERSION = YES;
				CLANG_WARN_OBJC_IMPLICIT_RETAIN_SELF = YES;
				CLANG_WARN_OBJC_LITERAL_CONVERSION = YES;
				CLANG_WARN_OBJC_ROOT_CLASS = YES_ERROR;
				CLANG_WARN_RANGE_LOOP_ANALYSIS = YES;
				CLANG_WARN_STRICT_PROTOTYPES = YES;
				CLANG_WARN_SUSPICIOUS_MOVE = YES;
				CLANG_WARN_UNGUARDED_AVAILABILITY = YES_AGGRESSIVE;
				CLANG_WARN_UNREACHABLE_CODE = YES;
				CLANG_WARN__DUPLICATE_METHOD_MATCH = YES;
				CODE_SIGN_IDENTITY = "iPhone Developer";
				COPY_PHASE_STRIP = NO;
				DEBUG_INFORMATION_FORMAT = dwarf;
				ENABLE_STRICT_OBJC_MSGSEND = YES;
				ENABLE_TESTABILITY = YES;
				GCC_C_LANGUAGE_STANDARD = gnu11;
				GCC_DYNAMIC_NO_PIC = NO;
				GCC_NO_COMMON_BLOCKS = YES;
				GCC_OPTIMIZATION_LEVEL = 0;
				GCC_PREPROCESSOR_DEFINITIONS = (
					"DEBUG=1",
					"$(inherited)",
				);
				GCC_WARN_64_TO_32_BIT_CONVERSION = YES;
				GCC_WARN_ABOUT_RETURN_TYPE = YES_ERROR;
				GCC_WARN_UNDECLARED_SELECTOR = YES;
				GCC_WARN_UNINITIALIZED_AUTOS = YES_AGGRESSIVE;
				GCC_WARN_UNUSED_FUNCTION = YES;
				GCC_WARN_UNUSED_VARIABLE = YES;
				IPHONEOS_DEPLOYMENT_TARGET = 12.1;
				MTL_ENABLE_DEBUG_INFO = INCLUDE_SOURCE;
				MTL_FAST_MATH = YES;
				ONLY_ACTIVE_ARCH = YES;
				SDKROOT = iphoneos;
				SWIFT_ACTIVE_COMPILATION_CONDITIONS = DEBUG;
				SWIFT_OPTIMIZATION_LEVEL = "-Onone";
			};
			name = Debug;
		};
		FA65D9C122326BB80058ADFA /* Release */ = {
			isa = XCBuildConfiguration;
			buildSettings = {
				ALWAYS_SEARCH_USER_PATHS = NO;
				CLANG_ANALYZER_NONNULL = YES;
				CLANG_ANALYZER_NUMBER_OBJECT_CONVERSION = YES_AGGRESSIVE;
				CLANG_CXX_LANGUAGE_STANDARD = "gnu++14";
				CLANG_CXX_LIBRARY = "libc++";
				CLANG_ENABLE_MODULES = YES;
				CLANG_ENABLE_OBJC_ARC = YES;
				CLANG_ENABLE_OBJC_WEAK = YES;
				CLANG_WARN_BLOCK_CAPTURE_AUTORELEASING = YES;
				CLANG_WARN_BOOL_CONVERSION = YES;
				CLANG_WARN_COMMA = YES;
				CLANG_WARN_CONSTANT_CONVERSION = YES;
				CLANG_WARN_DEPRECATED_OBJC_IMPLEMENTATIONS = YES;
				CLANG_WARN_DIRECT_OBJC_ISA_USAGE = YES_ERROR;
				CLANG_WARN_DOCUMENTATION_COMMENTS = YES;
				CLANG_WARN_EMPTY_BODY = YES;
				CLANG_WARN_ENUM_CONVERSION = YES;
				CLANG_WARN_INFINITE_RECURSION = YES;
				CLANG_WARN_INT_CONVERSION = YES;
				CLANG_WARN_NON_LITERAL_NULL_CONVERSION = YES;
				CLANG_WARN_OBJC_IMPLICIT_RETAIN_SELF = YES;
				CLANG_WARN_OBJC_LITERAL_CONVERSION = YES;
				CLANG_WARN_OBJC_ROOT_CLASS = YES_ERROR;
				CLANG_WARN_RANGE_LOOP_ANALYSIS = YES;
				CLANG_WARN_STRICT_PROTOTYPES = YES;
				CLANG_WARN_SUSPICIOUS_MOVE = YES;
				CLANG_WARN_UNGUARDED_AVAILABILITY = YES_AGGRESSIVE;
				CLANG_WARN_UNREACHABLE_CODE = YES;
				CLANG_WARN__DUPLICATE_METHOD_MATCH = YES;
				CODE_SIGN_IDENTITY = "iPhone Developer";
				COPY_PHASE_STRIP = NO;
				DEBUG_INFORMATION_FORMAT = "dwarf-with-dsym";
				ENABLE_NS_ASSERTIONS = NO;
				ENABLE_STRICT_OBJC_MSGSEND = YES;
				GCC_C_LANGUAGE_STANDARD = gnu11;
				GCC_NO_COMMON_BLOCKS = YES;
				GCC_WARN_64_TO_32_BIT_CONVERSION = YES;
				GCC_WARN_ABOUT_RETURN_TYPE = YES_ERROR;
				GCC_WARN_UNDECLARED_SELECTOR = YES;
				GCC_WARN_UNINITIALIZED_AUTOS = YES_AGGRESSIVE;
				GCC_WARN_UNUSED_FUNCTION = YES;
				GCC_WARN_UNUSED_VARIABLE = YES;
				IPHONEOS_DEPLOYMENT_TARGET = 12.1;
				MTL_ENABLE_DEBUG_INFO = NO;
				MTL_FAST_MATH = YES;
				SDKROOT = iphoneos;
				SWIFT_COMPILATION_MODE = wholemodule;
				SWIFT_OPTIMIZATION_LEVEL = "-O";
				VALIDATE_PRODUCT = YES;
			};
			name = Release;
		};
		FA65D9C322326BB80058ADFA /* Debug */ = {
			isa = XCBuildConfiguration;
			baseConfigurationReference = 2B740453A11F011E83D9E219 /* Pods-ProjectCategorie.debug.xcconfig */;
			buildSettings = {
				ASSETCATALOG_COMPILER_APPICON_NAME = AppIcon;
				CLANG_ENABLE_MODULES = YES;
				CODE_SIGN_STYLE = Automatic;
				INFOPLIST_FILE = ProjectCategorie/Info.plist;
				LD_RUNPATH_SEARCH_PATHS = (
					"$(inherited)",
					"@executable_path/Frameworks",
				);
				ONLY_ACTIVE_ARCH = YES;
				PRODUCT_BUNDLE_IDENTIFIER = com.openclassroom.ProjectCategorie;
				PRODUCT_NAME = "$(TARGET_NAME)";
				SWIFT_OBJC_BRIDGING_HEADER = "ProjectCategorie/Controller/ProjectCategorie-Bridging-Header.h";
				SWIFT_OPTIMIZATION_LEVEL = "-Onone";
				SWIFT_VERSION = 4.2;
				TARGETED_DEVICE_FAMILY = "1,2";
			};
			name = Debug;
		};
		FA65D9C422326BB80058ADFA /* Release */ = {
			isa = XCBuildConfiguration;
			baseConfigurationReference = B845D43C58DF819262B63DA3 /* Pods-ProjectCategorie.release.xcconfig */;
			buildSettings = {
				ASSETCATALOG_COMPILER_APPICON_NAME = AppIcon;
				CLANG_ENABLE_MODULES = YES;
				CODE_SIGN_STYLE = Automatic;
				INFOPLIST_FILE = ProjectCategorie/Info.plist;
				LD_RUNPATH_SEARCH_PATHS = (
					"$(inherited)",
					"@executable_path/Frameworks",
				);
				ONLY_ACTIVE_ARCH = NO;
				PRODUCT_BUNDLE_IDENTIFIER = com.openclassroom.ProjectCategorie;
				PRODUCT_NAME = "$(TARGET_NAME)";
				SWIFT_OBJC_BRIDGING_HEADER = "ProjectCategorie/Controller/ProjectCategorie-Bridging-Header.h";
				SWIFT_VERSION = 4.2;
				TARGETED_DEVICE_FAMILY = "1,2";
			};
			name = Release;
		};
/* End XCBuildConfiguration section */

/* Begin XCConfigurationList section */
		FA65D9AB22326BB70058ADFA /* Build configuration list for PBXProject "ProjectCategorie" */ = {
			isa = XCConfigurationList;
			buildConfigurations = (
				FA65D9C022326BB80058ADFA /* Debug */,
				FA65D9C122326BB80058ADFA /* Release */,
			);
			defaultConfigurationIsVisible = 0;
			defaultConfigurationName = Release;
		};
		FA65D9C222326BB80058ADFA /* Build configuration list for PBXNativeTarget "ProjectCategorie" */ = {
			isa = XCConfigurationList;
			buildConfigurations = (
				FA65D9C322326BB80058ADFA /* Debug */,
				FA65D9C422326BB80058ADFA /* Release */,
			);
			defaultConfigurationIsVisible = 0;
			defaultConfigurationName = Release;
		};
/* End XCConfigurationList section */
	};
	rootObject = FA65D9A822326BB70058ADFA /* Project object */;
}
